
Microsoft Visual Studio Solution File, Format Version 12.00
# Visual Studio Version 16
VisualStudioVersion = 16.0.34031.81
MinimumVisualStudioVersion = 10.0.40219.1
Project("{2150E333-8FDC-42A3-9474-1A3956D46DE8}") = "Task0", "Task0", "{DB6FEA10-95BD-47A9-8815-E99687E6F40B}"
EndProject
Project("{FAE04EC0-301F-11D3-BF4B-00C04F79EFBC}") = "Tyuiu.SorokinMA.Sprint2.Task0.V10", "Tyuiu.SorokinMA.Sprint2.Task0.V10\Tyuiu.SorokinMA.Sprint2.Task0.V10.csproj", "{BFA44419-9D8B-4F4C-B471-AFEBC2C92DA0}"
EndProject
Project("{FAE04EC0-301F-11D3-BF4B-00C04F79EFBC}") = "Tyuiu.SorokinMA.Sprint2.Task0.V10.Lib", "Tyuiu.SorokinMA.Sprint2.Task0.V10.Lib\Tyuiu.SorokinMA.Sprint2.Task0.V10.Lib.csproj", "{85EAF0D9-0731-4ECE-9877-5665C87EF7A3}"
EndProject
Project("{FAE04EC0-301F-11D3-BF4B-00C04F79EFBC}") = "Tyuiu.SorokinMA.Sprint2.Task0.V10.Test", "Tyuiu.SorokinMA.Sprint2.Task0.V10.Test\Tyuiu.SorokinMA.Sprint2.Task0.V10.Test.csproj", "{657E445E-5805-4704-A7AC-AD4B938AAC90}"
EndProject
Project("{2150E333-8FDC-42A3-9474-1A3956D46DE8}") = "Task1", "Task1", "{24D1F521-61C2-4DE3-B3B8-1C709808DF7D}"
EndProject
Project("{FAE04EC0-301F-11D3-BF4B-00C04F79EFBC}") = "Tyuiu.SorokinMA.Sprint2.Task1.V13", "Tyuiu.SorokinMA.Sprint2.Task1.V13\Tyuiu.SorokinMA.Sprint2.Task1.V13.csproj", "{760D48D0-D63B-4A7C-9EAC-7C1ED0F6E24E}"
EndProject
Project("{FAE04EC0-301F-11D3-BF4B-00C04F79EFBC}") = "Tyuiu.SorokinMA.Sprint2.Task1.V13.Test", "Tyuiu.SorokinMA.Sprint2.Task1.V13.Test\Tyuiu.SorokinMA.Sprint2.Task1.V13.Test.csproj", "{4BD797BA-955D-43A3-A943-DF7EECED9B63}"
EndProject
Project("{FAE04EC0-301F-11D3-BF4B-00C04F79EFBC}") = "Tyuiu.SorokinMA.Sprint2.Task1.V13.Lib", "Tyuiu.SorokinMA.Sprint2.Task1.V13.Lib\Tyuiu.SorokinMA.Sprint2.Task1.V13.Lib.csproj", "{84356DE7-D2A1-473C-A187-9298D0DFD30C}"
EndProject
Project("{2150E333-8FDC-42A3-9474-1A3956D46DE8}") = "Task2", "Task2", "{FEC2AEB8-CB02-43DD-AC10-6DDA10096B56}"
EndProject
Project("{FAE04EC0-301F-11D3-BF4B-00C04F79EFBC}") = "Tyuiu.SorokinMA.Sprint2.Task2.V30", "Tyuiu.SorokinMA.Sprint2.Task2.V30\Tyuiu.SorokinMA.Sprint2.Task2.V30.csproj", "{CDED15A2-FC2C-44E3-9786-0198BF8CC0E1}"
EndProject
Project("{FAE04EC0-301F-11D3-BF4B-00C04F79EFBC}") = "Tyuiu.SorokinMA.Sprint2.Task2.V30.Lib", "Tyuiu.SorokinMA.Sprint2.Task2.V30.Lib\Tyuiu.SorokinMA.Sprint2.Task2.V30.Lib.csproj", "{E6C00A8C-570C-4DE4-A651-2CE815DDE0E5}"
EndProject
Project("{FAE04EC0-301F-11D3-BF4B-00C04F79EFBC}") = "Tyuiu.SorokinMA.Sprint2.Task2.V30.Test", "Tyuiu.SorokinMA.Sprint2.Task2.V30.Test\Tyuiu.SorokinMA.Sprint2.Task2.V30.Test.csproj", "{4DAC79BF-AB31-4D35-99BD-78BFF5E1A1F9}"
EndProject
Project("{2150E333-8FDC-42A3-9474-1A3956D46DE8}") = "Task3", "Task3", "{7850BCD9-EDEA-404D-A55E-337A10DCE483}"
EndProject
Project("{FAE04EC0-301F-11D3-BF4B-00C04F79EFBC}") = "Tyuiu.SorokinMA.Sprint2.Task3.V7", "Tyuiu.SorokinMA.Sprint2.Task3.V7\Tyuiu.SorokinMA.Sprint2.Task3.V7.csproj", "{58785F08-BF62-43F9-8E6E-79B232F55CC0}"
EndProject
Project("{FAE04EC0-301F-11D3-BF4B-00C04F79EFBC}") = "Tyuiu.SorokinMA.Sprint2.Task3.V7.Lib", "Tyuiu.SorokinMA.Sprint2.Task3.V7.Lib\Tyuiu.SorokinMA.Sprint2.Task3.V7.Lib.csproj", "{4900DA69-0FC3-4B02-837F-E56676E54825}"
EndProject
Project("{FAE04EC0-301F-11D3-BF4B-00C04F79EFBC}") = "Tyuiu.SorokinMA.Sprint2.Task3.V7.Test", "Tyuiu.SorokinMA.Sprint2.Task3.V7.Test\Tyuiu.SorokinMA.Sprint2.Task3.V7.Test.csproj", "{93D05B29-F08E-482E-9D7C-AF91C721D6CB}"
EndProject
Global
	GlobalSection(SolutionConfigurationPlatforms) = preSolution
		Debug|Any CPU = Debug|Any CPU
		Release|Any CPU = Release|Any CPU
	EndGlobalSection
	GlobalSection(ProjectConfigurationPlatforms) = postSolution
		{BFA44419-9D8B-4F4C-B471-AFEBC2C92DA0}.Debug|Any CPU.ActiveCfg = Debug|Any CPU
		{BFA44419-9D8B-4F4C-B471-AFEBC2C92DA0}.Debug|Any CPU.Build.0 = Debug|Any CPU
		{BFA44419-9D8B-4F4C-B471-AFEBC2C92DA0}.Release|Any CPU.ActiveCfg = Release|Any CPU
		{BFA44419-9D8B-4F4C-B471-AFEBC2C92DA0}.Release|Any CPU.Build.0 = Release|Any CPU
		{85EAF0D9-0731-4ECE-9877-5665C87EF7A3}.Debug|Any CPU.ActiveCfg = Debug|Any CPU
		{85EAF0D9-0731-4ECE-9877-5665C87EF7A3}.Debug|Any CPU.Build.0 = Debug|Any CPU
		{85EAF0D9-0731-4ECE-9877-5665C87EF7A3}.Release|Any CPU.ActiveCfg = Release|Any CPU
		{85EAF0D9-0731-4ECE-9877-5665C87EF7A3}.Release|Any CPU.Build.0 = Release|Any CPU
		{657E445E-5805-4704-A7AC-AD4B938AAC90}.Debug|Any CPU.ActiveCfg = Debug|Any CPU
		{657E445E-5805-4704-A7AC-AD4B938AAC90}.Debug|Any CPU.Build.0 = Debug|Any CPU
		{657E445E-5805-4704-A7AC-AD4B938AAC90}.Release|Any CPU.ActiveCfg = Release|Any CPU
		{657E445E-5805-4704-A7AC-AD4B938AAC90}.Release|Any CPU.Build.0 = Release|Any CPU
		{760D48D0-D63B-4A7C-9EAC-7C1ED0F6E24E}.Debug|Any CPU.ActiveCfg = Debug|Any CPU
		{760D48D0-D63B-4A7C-9EAC-7C1ED0F6E24E}.Debug|Any CPU.Build.0 = Debug|Any CPU
		{760D48D0-D63B-4A7C-9EAC-7C1ED0F6E24E}.Release|Any CPU.ActiveCfg = Release|Any CPU
		{760D48D0-D63B-4A7C-9EAC-7C1ED0F6E24E}.Release|Any CPU.Build.0 = Release|Any CPU
		{4BD797BA-955D-43A3-A943-DF7EECED9B63}.Debug|Any CPU.ActiveCfg = Debug|Any CPU
		{4BD797BA-955D-43A3-A943-DF7EECED9B63}.Debug|Any CPU.Build.0 = Debug|Any CPU
		{4BD797BA-955D-43A3-A943-DF7EECED9B63}.Release|Any CPU.ActiveCfg = Release|Any CPU
		{4BD797BA-955D-43A3-A943-DF7EECED9B63}.Release|Any CPU.Build.0 = Release|Any CPU
		{84356DE7-D2A1-473C-A187-9298D0DFD30C}.Debug|Any CPU.ActiveCfg = Debug|Any CPU
		{84356DE7-D2A1-473C-A187-9298D0DFD30C}.Debug|Any CPU.Build.0 = Debug|Any CPU
		{84356DE7-D2A1-473C-A187-9298D0DFD30C}.Release|Any CPU.ActiveCfg = Release|Any CPU
		{84356DE7-D2A1-473C-A187-9298D0DFD30C}.Release|Any CPU.Build.0 = Release|Any CPU
		{CDED15A2-FC2C-44E3-9786-0198BF8CC0E1}.Debug|Any CPU.ActiveCfg = Debug|Any CPU
		{CDED15A2-FC2C-44E3-9786-0198BF8CC0E1}.Debug|Any CPU.Build.0 = Debug|Any CPU
		{CDED15A2-FC2C-44E3-9786-0198BF8CC0E1}.Release|Any CPU.ActiveCfg = Release|Any CPU
		{CDED15A2-FC2C-44E3-9786-0198BF8CC0E1}.Release|Any CPU.Build.0 = Release|Any CPU
		{E6C00A8C-570C-4DE4-A651-2CE815DDE0E5}.Debug|Any CPU.ActiveCfg = Debug|Any CPU
		{E6C00A8C-570C-4DE4-A651-2CE815DDE0E5}.Debug|Any CPU.Build.0 = Debug|Any CPU
		{E6C00A8C-570C-4DE4-A651-2CE815DDE0E5}.Release|Any CPU.ActiveCfg = Release|Any CPU
		{E6C00A8C-570C-4DE4-A651-2CE815DDE0E5}.Release|Any CPU.Build.0 = Release|Any CPU
		{4DAC79BF-AB31-4D35-99BD-78BFF5E1A1F9}.Debug|Any CPU.ActiveCfg = Debug|Any CPU
		{4DAC79BF-AB31-4D35-99BD-78BFF5E1A1F9}.Debug|Any CPU.Build.0 = Debug|Any CPU
		{4DAC79BF-AB31-4D35-99BD-78BFF5E1A1F9}.Release|Any CPU.ActiveCfg = Release|Any CPU
		{4DAC79BF-AB31-4D35-99BD-78BFF5E1A1F9}.Release|Any CPU.Build.0 = Release|Any CPU
		{58785F08-BF62-43F9-8E6E-79B232F55CC0}.Debug|Any CPU.ActiveCfg = Debug|Any CPU
		{58785F08-BF62-43F9-8E6E-79B232F55CC0}.Debug|Any CPU.Build.0 = Debug|Any CPU
		{58785F08-BF62-43F9-8E6E-79B232F55CC0}.Release|Any CPU.ActiveCfg = Release|Any CPU
		{58785F08-BF62-43F9-8E6E-79B232F55CC0}.Release|Any CPU.Build.0 = Release|Any CPU
		{4900DA69-0FC3-4B02-837F-E56676E54825}.Debug|Any CPU.ActiveCfg = Debug|Any CPU
		{4900DA69-0FC3-4B02-837F-E56676E54825}.Debug|Any CPU.Build.0 = Debug|Any CPU
		{4900DA69-0FC3-4B02-837F-E56676E54825}.Release|Any CPU.ActiveCfg = Release|Any CPU
		{4900DA69-0FC3-4B02-837F-E56676E54825}.Release|Any CPU.Build.0 = Release|Any CPU
		{93D05B29-F08E-482E-9D7C-AF91C721D6CB}.Debug|Any CPU.ActiveCfg = Debug|Any CPU
		{93D05B29-F08E-482E-9D7C-AF91C721D6CB}.Debug|Any CPU.Build.0 = Debug|Any CPU
		{93D05B29-F08E-482E-9D7C-AF91C721D6CB}.Release|Any CPU.ActiveCfg = Release|Any CPU
		{93D05B29-F08E-482E-9D7C-AF91C721D6CB}.Release|Any CPU.Build.0 = Release|Any CPU
	EndGlobalSection
	GlobalSection(SolutionProperties) = preSolution
		HideSolutionNode = FALSE
	EndGlobalSection
	GlobalSection(NestedProjects) = preSolution
		{BFA44419-9D8B-4F4C-B471-AFEBC2C92DA0} = {DB6FEA10-95BD-47A9-8815-E99687E6F40B}
		{85EAF0D9-0731-4ECE-9877-5665C87EF7A3} = {DB6FEA10-95BD-47A9-8815-E99687E6F40B}
		{657E445E-5805-4704-A7AC-AD4B938AAC90} = {DB6FEA10-95BD-47A9-8815-E99687E6F40B}
		{760D48D0-D63B-4A7C-9EAC-7C1ED0F6E24E} = {24D1F521-61C2-4DE3-B3B8-1C709808DF7D}
		{4BD797BA-955D-43A3-A943-DF7EECED9B63} = {24D1F521-61C2-4DE3-B3B8-1C709808DF7D}
		{84356DE7-D2A1-473C-A187-9298D0DFD30C} = {24D1F521-61C2-4DE3-B3B8-1C709808DF7D}
		{CDED15A2-FC2C-44E3-9786-0198BF8CC0E1} = {FEC2AEB8-CB02-43DD-AC10-6DDA10096B56}
		{E6C00A8C-570C-4DE4-A651-2CE815DDE0E5} = {FEC2AEB8-CB02-43DD-AC10-6DDA10096B56}
		{4DAC79BF-AB31-4D35-99BD-78BFF5E1A1F9} = {FEC2AEB8-CB02-43DD-AC10-6DDA10096B56}
		{58785F08-BF62-43F9-8E6E-79B232F55CC0} = {7850BCD9-EDEA-404D-A55E-337A10DCE483}
		{4900DA69-0FC3-4B02-837F-E56676E54825} = {7850BCD9-EDEA-404D-A55E-337A10DCE483}
		{93D05B29-F08E-482E-9D7C-AF91C721D6CB} = {7850BCD9-EDEA-404D-A55E-337A10DCE483}
	EndGlobalSection
	GlobalSection(ExtensibilityGlobals) = postSolution
		SolutionGuid = {A3227E25-B58F-444C-A646-31992A35DCBE}
	EndGlobalSection
EndGlobal
